
Microsoft Visual Studio Solution File, Format Version 12.00
# Visual Studio Version 17
VisualStudioVersion = 17.12.35707.178
MinimumVisualStudioVersion = 10.0.40219.1
Project("{2150E333-8FDC-42A3-9474-1A3956D46DE8}") = "Modules", "Modules", "{0A76C6F4-0BB4-4809-B5A3-55201838D9CC}"
EndProject
Project("{2150E333-8FDC-42A3-9474-1A3956D46DE8}") = "Shared", "Shared", "{C4B1B7A3-8D04-404A-AEB7-39882FBEBB0D}"
EndProject
Project("{2150E333-8FDC-42A3-9474-1A3956D46DE8}") = "Bootstrapper", "Bootstrapper", "{861520DF-6F4B-451F-9D57-50268CE79D5A}"
EndProject
Project("{2150E333-8FDC-42A3-9474-1A3956D46DE8}") = "Catalog", "Catalog", "{75EF0DA6-94A6-4833-AFE5-FD74FC6CB5B3}"
EndProject
Project("{2150E333-8FDC-42A3-9474-1A3956D46DE8}") = "Ordering", "Ordering", "{939B7EA9-79B7-4322-A235-F193A93EBFC7}"
EndProject
Project("{2150E333-8FDC-42A3-9474-1A3956D46DE8}") = "Basket", "Basket", "{EC5D0AEC-78BC-432F-A25F-6AD8A6AE80C2}"
EndProject
Project("{FAE04EC0-301F-11D3-BF4B-00C04F79EFBC}") = "Catalog", "Modules\Catalog\Catalog\Catalog.csproj", "{B08F516C-F2E2-4FF7-A922-E7FC16C0450D}"
EndProject
Project("{FAE04EC0-301F-11D3-BF4B-00C04F79EFBC}") = "Api", "Bootstrapper\Api\Api.csproj", "{91E9C003-B6DD-4B38-8D2B-781382B9B972}"
EndProject
Project("{FAE04EC0-301F-11D3-BF4B-00C04F79EFBC}") = "Basket", "Modules\Basket\Basket\Basket.csproj", "{6DFA3573-8B23-43AC-937C-373A60BC7B1F}"
EndProject
Project("{FAE04EC0-301F-11D3-BF4B-00C04F79EFBC}") = "Ordering", "Modules\Ordering\Ordering\Ordering.csproj", "{CAFFDC97-2B06-4AA5-83B5-C0F0CE98F605}"
EndProject
Project("{FAE04EC0-301F-11D3-BF4B-00C04F79EFBC}") = "Shared", "Shared\Shared\Shared.csproj", "{BD11D252-0ADB-4FEF-B6F4-24C2A20DF144}"
EndProject
Project("{E53339B2-1760-4266-BCC7-CA923CBCF16C}") = "docker-compose", "docker-compose.dcproj", "{1D1240AB-A298-4BFF-AC82-D5E05C4BF810}"
EndProject
Global
	GlobalSection(SolutionConfigurationPlatforms) = preSolution
		Debug|Any CPU = Debug|Any CPU
		Release|Any CPU = Release|Any CPU
	EndGlobalSection
	GlobalSection(ProjectConfigurationPlatforms) = postSolution
		{B08F516C-F2E2-4FF7-A922-E7FC16C0450D}.Debug|Any CPU.ActiveCfg = Debug|Any CPU
		{B08F516C-F2E2-4FF7-A922-E7FC16C0450D}.Debug|Any CPU.Build.0 = Debug|Any CPU
		{B08F516C-F2E2-4FF7-A922-E7FC16C0450D}.Release|Any CPU.ActiveCfg = Release|Any CPU
		{B08F516C-F2E2-4FF7-A922-E7FC16C0450D}.Release|Any CPU.Build.0 = Release|Any CPU
		{91E9C003-B6DD-4B38-8D2B-781382B9B972}.Debug|Any CPU.ActiveCfg = Debug|Any CPU
		{91E9C003-B6DD-4B38-8D2B-781382B9B972}.Debug|Any CPU.Build.0 = Debug|Any CPU
		{91E9C003-B6DD-4B38-8D2B-781382B9B972}.Release|Any CPU.ActiveCfg = Release|Any CPU
		{91E9C003-B6DD-4B38-8D2B-781382B9B972}.Release|Any CPU.Build.0 = Release|Any CPU
		{6DFA3573-8B23-43AC-937C-373A60BC7B1F}.Debug|Any CPU.ActiveCfg = Debug|Any CPU
		{6DFA3573-8B23-43AC-937C-373A60BC7B1F}.Debug|Any CPU.Build.0 = Debug|Any CPU
		{6DFA3573-8B23-43AC-937C-373A60BC7B1F}.Release|Any CPU.ActiveCfg = Release|Any CPU
		{6DFA3573-8B23-43AC-937C-373A60BC7B1F}.Release|Any CPU.Build.0 = Release|Any CPU
		{CAFFDC97-2B06-4AA5-83B5-C0F0CE98F605}.Debug|Any CPU.ActiveCfg = Debug|Any CPU
		{CAFFDC97-2B06-4AA5-83B5-C0F0CE98F605}.Debug|Any CPU.Build.0 = Debug|Any CPU
		{CAFFDC97-2B06-4AA5-83B5-C0F0CE98F605}.Release|Any CPU.ActiveCfg = Release|Any CPU
		{CAFFDC97-2B06-4AA5-83B5-C0F0CE98F605}.Release|Any CPU.Build.0 = Release|Any CPU
		{BD11D252-0ADB-4FEF-B6F4-24C2A20DF144}.Debug|Any CPU.ActiveCfg = Debug|Any CPU
		{BD11D252-0ADB-4FEF-B6F4-24C2A20DF144}.Debug|Any CPU.Build.0 = Debug|Any CPU
		{BD11D252-0ADB-4FEF-B6F4-24C2A20DF144}.Release|Any CPU.ActiveCfg = Release|Any CPU
		{BD11D252-0ADB-4FEF-B6F4-24C2A20DF144}.Release|Any CPU.Build.0 = Release|Any CPU
		{1D1240AB-A298-4BFF-AC82-D5E05C4BF810}.Debug|Any CPU.ActiveCfg = Debug|Any CPU
		{1D1240AB-A298-4BFF-AC82-D5E05C4BF810}.Debug|Any CPU.Build.0 = Debug|Any CPU
		{1D1240AB-A298-4BFF-AC82-D5E05C4BF810}.Release|Any CPU.ActiveCfg = Release|Any CPU
		{1D1240AB-A298-4BFF-AC82-D5E05C4BF810}.Release|Any CPU.Build.0 = Release|Any CPU
	EndGlobalSection
	GlobalSection(SolutionProperties) = preSolution
		HideSolutionNode = FALSE
	EndGlobalSection
	GlobalSection(NestedProjects) = preSolution
		{75EF0DA6-94A6-4833-AFE5-FD74FC6CB5B3} = {0A76C6F4-0BB4-4809-B5A3-55201838D9CC}
		{939B7EA9-79B7-4322-A235-F193A93EBFC7} = {0A76C6F4-0BB4-4809-B5A3-55201838D9CC}
		{EC5D0AEC-78BC-432F-A25F-6AD8A6AE80C2} = {0A76C6F4-0BB4-4809-B5A3-55201838D9CC}
		{B08F516C-F2E2-4FF7-A922-E7FC16C0450D} = {75EF0DA6-94A6-4833-AFE5-FD74FC6CB5B3}
		{91E9C003-B6DD-4B38-8D2B-781382B9B972} = {861520DF-6F4B-451F-9D57-50268CE79D5A}
		{6DFA3573-8B23-43AC-937C-373A60BC7B1F} = {EC5D0AEC-78BC-432F-A25F-6AD8A6AE80C2}
		{CAFFDC97-2B06-4AA5-83B5-C0F0CE98F605} = {939B7EA9-79B7-4322-A235-F193A93EBFC7}
		{BD11D252-0ADB-4FEF-B6F4-24C2A20DF144} = {C4B1B7A3-8D04-404A-AEB7-39882FBEBB0D}
	EndGlobalSection
EndGlobal
